
Microsoft Visual Studio Solution File, Format Version 12.00
# Visual Studio Version 16
VisualStudioVersion = 16.0.31105.61
MinimumVisualStudioVersion = 10.0.40219.1
Project("{FAE04EC0-301F-11D3-BF4B-00C04F79EFBC}") = "Exercicio6-MDC", "Exercicio6-MDC.csproj", "{8163F8D3-DB8B-48D5-A350-A05B7933E5C8}"
EndProject
Global
	GlobalSection(SolutionConfigurationPlatforms) = preSolution
		Debug|Any CPU = Debug|Any CPU
		Release|Any CPU = Release|Any CPU
	EndGlobalSection
	GlobalSection(ProjectConfigurationPlatforms) = postSolution
		{8163F8D3-DB8B-48D5-A350-A05B7933E5C8}.Debug|Any CPU.ActiveCfg = Debug|Any CPU
		{8163F8D3-DB8B-48D5-A350-A05B7933E5C8}.Debug|Any CPU.Build.0 = Debug|Any CPU
		{8163F8D3-DB8B-48D5-A350-A05B7933E5C8}.Release|Any CPU.ActiveCfg = Release|Any CPU
		{8163F8D3-DB8B-48D5-A350-A05B7933E5C8}.Release|Any CPU.Build.0 = Release|Any CPU
	EndGlobalSection
	GlobalSection(SolutionProperties) = preSolution
		HideSolutionNode = FALSE
	EndGlobalSection
	GlobalSection(ExtensibilityGlobals) = postSolution
		SolutionGuid = {E5264435-A772-48CC-ABB3-6D5F25695343}
	EndGlobalSection
EndGlobal
